// !$*UTF8*$!
{
	archiveVersion = 1;
	classes = {
	};
	objectVersion = 55;
	objects = {

/* Begin PBXBuildFile section */
		DD489E6B27805F900061C8EF /* CoreDataProjectApp.swift in Sources */ = {isa = PBXBuildFile; fileRef = DD489E6A27805F900061C8EF /* CoreDataProjectApp.swift */; };
		DD489E6D27805F900061C8EF /* ContentView.swift in Sources */ = {isa = PBXBuildFile; fileRef = DD489E6C27805F900061C8EF /* ContentView.swift */; };
		DD489E6F27805F930061C8EF /* Assets.xcassets in Resources */ = {isa = PBXBuildFile; fileRef = DD489E6E27805F930061C8EF /* Assets.xcassets */; };
		DD489E7227805F930061C8EF /* Preview Assets.xcassets in Resources */ = {isa = PBXBuildFile; fileRef = DD489E7127805F930061C8EF /* Preview Assets.xcassets */; };
		DD489E7927805FB50061C8EF /* DataController.swift in Sources */ = {isa = PBXBuildFile; fileRef = DD489E7827805FB50061C8EF /* DataController.swift */; };
		DD9A4B572781D7440021B931 /* DataModel.xcdatamodeld in Sources */ = {isa = PBXBuildFile; fileRef = DD9A4B552781D7440021B931 /* DataModel.xcdatamodeld */; };
		DDDD7DBB278892AB0081A830 /* Country+CoreDataClass.swift in Sources */ = {isa = PBXBuildFile; fileRef = DDDD7DB7278892AB0081A830 /* Country+CoreDataClass.swift */; };
		DDDD7DBC278892AB0081A830 /* Country+CoreDataProperties.swift in Sources */ = {isa = PBXBuildFile; fileRef = DDDD7DB8278892AB0081A830 /* Country+CoreDataProperties.swift */; };
		DDDD7DBD278892AB0081A830 /* Candy+CoreDataClass.swift in Sources */ = {isa = PBXBuildFile; fileRef = DDDD7DB9278892AB0081A830 /* Candy+CoreDataClass.swift */; };
		DDDD7DBE278892AB0081A830 /* Candy+CoreDataProperties.swift in Sources */ = {isa = PBXBuildFile; fileRef = DDDD7DBA278892AB0081A830 /* Candy+CoreDataProperties.swift */; };
		DDE3C5442789AB67001C9CC6 /* FilterListView.swift in Sources */ = {isa = PBXBuildFile; fileRef = DDE3C5432789AB67001C9CC6 /* FilterListView.swift */; };
/* End PBXBuildFile section */

/* Begin PBXFileReference section */
		DD489E6727805F900061C8EF /* CoreDataProject.app */ = {isa = PBXFileReference; explicitFileType = wrapper.application; includeInIndex = 0; path = CoreDataProject.app; sourceTree = BUILT_PRODUCTS_DIR; };
		DD489E6A27805F900061C8EF /* CoreDataProjectApp.swift */ = {isa = PBXFileReference; lastKnownFileType = sourcecode.swift; path = CoreDataProjectApp.swift; sourceTree = "<group>"; };
		DD489E6C27805F900061C8EF /* ContentView.swift */ = {isa = PBXFileReference; lastKnownFileType = sourcecode.swift; path = ContentView.swift; sourceTree = "<group>"; };
		DD489E6E27805F930061C8EF /* Assets.xcassets */ = {isa = PBXFileReference; lastKnownFileType = folder.assetcatalog; path = Assets.xcassets; sourceTree = "<group>"; };
		DD489E7127805F930061C8EF /* Preview Assets.xcassets */ = {isa = PBXFileReference; lastKnownFileType = folder.assetcatalog; path = "Preview Assets.xcassets"; sourceTree = "<group>"; };
		DD489E7827805FB50061C8EF /* DataController.swift */ = {isa = PBXFileReference; fileEncoding = 4; lastKnownFileType = sourcecode.swift; path = DataController.swift; sourceTree = "<group>"; };
		DD9A4B562781D7440021B931 /* DataModel.xcdatamodel */ = {isa = PBXFileReference; lastKnownFileType = wrapper.xcdatamodel; path = DataModel.xcdatamodel; sourceTree = "<group>"; };
		DDDD7DB7278892AB0081A830 /* Country+CoreDataClass.swift */ = {isa = PBXFileReference; lastKnownFileType = sourcecode.swift; name = "Country+CoreDataClass.swift"; path = "Assets.xcassets/Country+CoreDataClass.swift"; sourceTree = "<group>"; };
		DDDD7DB8278892AB0081A830 /* Country+CoreDataProperties.swift */ = {isa = PBXFileReference; lastKnownFileType = sourcecode.swift; name = "Country+CoreDataProperties.swift"; path = "Assets.xcassets/Country+CoreDataProperties.swift"; sourceTree = "<group>"; };
		DDDD7DB9278892AB0081A830 /* Candy+CoreDataClass.swift */ = {isa = PBXFileReference; lastKnownFileType = sourcecode.swift; name = "Candy+CoreDataClass.swift"; path = "Assets.xcassets/Candy+CoreDataClass.swift"; sourceTree = "<group>"; };
		DDDD7DBA278892AB0081A830 /* Candy+CoreDataProperties.swift */ = {isa = PBXFileReference; lastKnownFileType = sourcecode.swift; name = "Candy+CoreDataProperties.swift"; path = "Assets.xcassets/Candy+CoreDataProperties.swift"; sourceTree = "<group>"; };
		DDE3C5432789AB67001C9CC6 /* FilterListView.swift */ = {isa = PBXFileReference; lastKnownFileType = sourcecode.swift; path = FilterListView.swift; sourceTree = "<group>"; };
/* End PBXFileReference section */

/* Begin PBXFrameworksBuildPhase section */
		DD489E6427805F900061C8EF /* Frameworks */ = {
			isa = PBXFrameworksBuildPhase;
			buildActionMask = 2147483647;
			files = (
			);
			runOnlyForDeploymentPostprocessing = 0;
		};
/* End PBXFrameworksBuildPhase section */

/* Begin PBXGroup section */
		DD489E5E27805F8F0061C8EF = {
			isa = PBXGroup;
			children = (
				DD489E6927805F900061C8EF /* CoreDataProject */,
				DD489E6827805F900061C8EF /* Products */,
			);
			sourceTree = "<group>";
		};
		DD489E6827805F900061C8EF /* Products */ = {
			isa = PBXGroup;
			children = (
				DD489E6727805F900061C8EF /* CoreDataProject.app */,
			);
			name = Products;
			sourceTree = "<group>";
		};
		DD489E6927805F900061C8EF /* CoreDataProject */ = {
			isa = PBXGroup;
			children = (
				DDDD7DB7278892AB0081A830 /* Country+CoreDataClass.swift */,
				DDDD7DB8278892AB0081A830 /* Country+CoreDataProperties.swift */,
				DDDD7DB9278892AB0081A830 /* Candy+CoreDataClass.swift */,
				DDDD7DBA278892AB0081A830 /* Candy+CoreDataProperties.swift */,
				DD489E7827805FB50061C8EF /* DataController.swift */,
				DD489E6A27805F900061C8EF /* CoreDataProjectApp.swift */,
				DD489E6C27805F900061C8EF /* ContentView.swift */,
				DDE3C5432789AB67001C9CC6 /* FilterListView.swift */,
				DD9A4B552781D7440021B931 /* DataModel.xcdatamodeld */,
				DD489E6E27805F930061C8EF /* Assets.xcassets */,
				DD489E7027805F930061C8EF /* Preview Content */,
			);
			path = CoreDataProject;
			sourceTree = "<group>";
		};
		DD489E7027805F930061C8EF /* Preview Content */ = {
			isa = PBXGroup;
			children = (
				DD489E7127805F930061C8EF /* Preview Assets.xcassets */,
			);
			path = "Preview Content";
			sourceTree = "<group>";
		};
/* End PBXGroup section */

/* Begin PBXNativeTarget section */
		DD489E6627805F900061C8EF /* CoreDataProject */ = {
			isa = PBXNativeTarget;
			buildConfigurationList = DD489E7527805F930061C8EF /* Build configuration list for PBXNativeTarget "CoreDataProject" */;
			buildPhases = (
				DD489E6327805F900061C8EF /* Sources */,
				DD489E6427805F900061C8EF /* Frameworks */,
				DD489E6527805F900061C8EF /* Resources */,
			);
			buildRules = (
			);
			dependencies = (
			);
			name = CoreDataProject;
			productName = CoreDataProject;
			productReference = DD489E6727805F900061C8EF /* CoreDataProject.app */;
			productType = "com.apple.product-type.application";
		};
/* End PBXNativeTarget section */

/* Begin PBXProject section */
		DD489E5F27805F900061C8EF /* Project object */ = {
			isa = PBXProject;
			attributes = {
				BuildIndependentTargetsInParallel = 1;
				LastSwiftUpdateCheck = 1310;
				LastUpgradeCheck = 1310;
				TargetAttributes = {
					DD489E6627805F900061C8EF = {
						CreatedOnToolsVersion = 13.1;
					};
				};
			};
			buildConfigurationList = DD489E6227805F900061C8EF /* Build configuration list for PBXProject "CoreDataProject" */;
			compatibilityVersion = "Xcode 13.0";
			developmentRegion = en;
			hasScannedForEncodings = 0;
			knownRegions = (
				en,
				Base,
			);
			mainGroup = DD489E5E27805F8F0061C8EF;
			productRefGroup = DD489E6827805F900061C8EF /* Products */;
			projectDirPath = "";
			projectRoot = "";
			targets = (
				DD489E6627805F900061C8EF /* CoreDataProject */,
			);
		};
/* End PBXProject section */

/* Begin PBXResourcesBuildPhase section */
		DD489E6527805F900061C8EF /* Resources */ = {
			isa = PBXResourcesBuildPhase;
			buildActionMask = 2147483647;
			files = (
				DD489E7227805F930061C8EF /* Preview Assets.xcassets in Resources */,
				DD489E6F27805F930061C8EF /* Assets.xcassets in Resources */,
			);
			runOnlyForDeploymentPostprocessing = 0;
		};
/* End PBXResourcesBuildPhase section */

/* Begin PBXSourcesBuildPhase section */
		DD489E6327805F900061C8EF /* Sources */ = {
			isa = PBXSourcesBuildPhase;
			buildActionMask = 2147483647;
			files = (
				DD489E6D27805F900061C8EF /* ContentView.swift in Sources */,
				DD9A4B572781D7440021B931 /* DataModel.xcdatamodeld in Sources */,
				DDDD7DBC278892AB0081A830 /* Country+CoreDataProperties.swift in Sources */,
				DDDD7DBE278892AB0081A830 /* Candy+CoreDataProperties.swift in Sources */,
				DD489E7927805FB50061C8EF /* DataController.swift in Sources */,
				DDDD7DBB278892AB0081A830 /* Country+CoreDataClass.swift in Sources */,
				DD489E6B27805F900061C8EF /* CoreDataProjectApp.swift in Sources */,
				DDDD7DBD278892AB0081A830 /* Candy+CoreDataClass.swift in Sources */,
				DDE3C5442789AB67001C9CC6 /* FilterListView.swift in Sources */,
			);
			runOnlyForDeploymentPostprocessing = 0;
		};
/* End PBXSourcesBuildPhase section */

/* Begin XCBuildConfiguration section */
		DD489E7327805F930061C8EF /* Debug */ = {
			isa = XCBuildConfiguration;
			buildSettings = {
				ALWAYS_SEARCH_USER_PATHS = NO;
				CLANG_ANALYZER_NONNULL = YES;
				CLANG_ANALYZER_NUMBER_OBJECT_CONVERSION = YES_AGGRESSIVE;
				CLANG_CXX_LANGUAGE_STANDARD = "gnu++17";
				CLANG_CXX_LIBRARY = "libc++";
				CLANG_ENABLE_MODULES = YES;
				CLANG_ENABLE_OBJC_ARC = YES;
				CLANG_ENABLE_OBJC_WEAK = YES;
				CLANG_WARN_BLOCK_CAPTURE_AUTORELEASING = YES;
				CLANG_WARN_BOOL_CONVERSION = YES;
				CLANG_WARN_COMMA = YES;
				CLANG_WARN_CONSTANT_CONVERSION = YES;
				CLANG_WARN_DEPRECATED_OBJC_IMPLEMENTATIONS = YES;
				CLANG_WARN_DIRECT_OBJC_ISA_USAGE = YES_ERROR;
				CLANG_WARN_DOCUMENTATION_COMMENTS = YES;
				CLANG_WARN_EMPTY_BODY = YES;
				CLANG_WARN_ENUM_CONVERSION = YES;
				CLANG_WARN_INFINITE_RECURSION = YES;
				CLANG_WARN_INT_CONVERSION = YES;
				CLANG_WARN_NON_LITERAL_NULL_CONVERSION = YES;
				CLANG_WARN_OBJC_IMPLICIT_RETAIN_SELF = YES;
				CLANG_WARN_OBJC_LITERAL_CONVERSION = YES;
				CLANG_WARN_OBJC_ROOT_CLASS = YES_ERROR;
				CLANG_WARN_QUOTED_INCLUDE_IN_FRAMEWORK_HEADER = YES;
				CLANG_WARN_RANGE_LOOP_ANALYSIS = YES;
				CLANG_WARN_STRICT_PROTOTYPES = YES;
				CLANG_WARN_SUSPICIOUS_MOVE = YES;
				CLANG_WARN_UNGUARDED_AVAILABILITY = YES_AGGRESSIVE;
				CLANG_WARN_UNREACHABLE_CODE = YES;
				CLANG_WARN__DUPLICATE_METHOD_MATCH = YES;
				COPY_PHASE_STRIP = NO;
				DEBUG_INFORMATION_FORMAT = dwarf;
				ENABLE_STRICT_OBJC_MSGSEND = YES;
				ENABLE_TESTABILITY = YES;
				GCC_C_LANGUAGE_STANDARD = gnu11;
				GCC_DYNAMIC_NO_PIC = NO;
				GCC_NO_COMMON_BLOCKS = YES;
				GCC_OPTIMIZATION_LEVEL = 0;
				GCC_PREPROCESSOR_DEFINITIONS = (
					"DEBUG=1",
					"$(inherited)",
				);
				GCC_WARN_64_TO_32_BIT_CONVERSION = YES;
				GCC_WARN_ABOUT_RETURN_TYPE = YES_ERROR;
				GCC_WARN_UNDECLARED_SELECTOR = YES;
				GCC_WARN_UNINITIALIZED_AUTOS = YES_AGGRESSIVE;
				GCC_WARN_UNUSED_FUNCTION = YES;
				GCC_WARN_UNUSED_VARIABLE = YES;
				IPHONEOS_DEPLOYMENT_TARGET = 15.0;
				MTL_ENABLE_DEBUG_INFO = INCLUDE_SOURCE;
				MTL_FAST_MATH = YES;
				ONLY_ACTIVE_ARCH = YES;
				SDKROOT = iphoneos;
				SWIFT_ACTIVE_COMPILATION_CONDITIONS = DEBUG;
				SWIFT_OPTIMIZATION_LEVEL = "-Onone";
			};
			name = Debug;
		};
		DD489E7427805F930061C8EF /* Release */ = {
			isa = XCBuildConfiguration;
			buildSettings = {
				ALWAYS_SEARCH_USER_PATHS = NO;
				CLANG_ANALYZER_NONNULL = YES;
				CLANG_ANALYZER_NUMBER_OBJECT_CONVERSION = YES_AGGRESSIVE;
				CLANG_CXX_LANGUAGE_STANDARD = "gnu++17";
				CLANG_CXX_LIBRARY = "libc++";
				CLANG_ENABLE_MODULES = YES;
				CLANG_ENABLE_OBJC_ARC = YES;
				CLANG_ENABLE_OBJC_WEAK = YES;
				CLANG_WARN_BLOCK_CAPTURE_AUTORELEASING = YES;
				CLANG_WARN_BOOL_CONVERSION = YES;
				CLANG_WARN_COMMA = YES;
				CLANG_WARN_CONSTANT_CONVERSION = YES;
				CLANG_WARN_DEPRECATED_OBJC_IMPLEMENTATIONS = YES;
				CLANG_WARN_DIRECT_OBJC_ISA_USAGE = YES_ERROR;
				CLANG_WARN_DOCUMENTATION_COMMENTS = YES;
				CLANG_WARN_EMPTY_BODY = YES;
				CLANG_WARN_ENUM_CONVERSION = YES;
				CLANG_WARN_INFINITE_RECURSION = YES;
				CLANG_WARN_INT_CONVERSION = YES;
				CLANG_WARN_NON_LITERAL_NULL_CONVERSION = YES;
				CLANG_WARN_OBJC_IMPLICIT_RETAIN_SELF = YES;
				CLANG_WARN_OBJC_LITERAL_CONVERSION = YES;
				CLANG_WARN_OBJC_ROOT_CLASS = YES_ERROR;
				CLANG_WARN_QUOTED_INCLUDE_IN_FRAMEWORK_HEADER = YES;
				CLANG_WARN_RANGE_LOOP_ANALYSIS = YES;
				CLANG_WARN_STRICT_PROTOTYPES = YES;
				CLANG_WARN_SUSPICIOUS_MOVE = YES;
				CLANG_WARN_UNGUARDED_AVAILABILITY = YES_AGGRESSIVE;
				CLANG_WARN_UNREACHABLE_CODE = YES;
				CLANG_WARN__DUPLICATE_METHOD_MATCH = YES;
				COPY_PHASE_STRIP = NO;
				DEBUG_INFORMATION_FORMAT = "dwarf-with-dsym";
				ENABLE_NS_ASSERTIONS = NO;
				ENABLE_STRICT_OBJC_MSGSEND = YES;
				GCC_C_LANGUAGE_STANDARD = gnu11;
				GCC_NO_COMMON_BLOCKS = YES;
				GCC_WARN_64_TO_32_BIT_CONVERSION = YES;
				GCC_WARN_ABOUT_RETURN_TYPE = YES_ERROR;
				GCC_WARN_UNDECLARED_SELECTOR = YES;
				GCC_WARN_UNINITIALIZED_AUTOS = YES_AGGRESSIVE;
				GCC_WARN_UNUSED_FUNCTION = YES;
				GCC_WARN_UNUSED_VARIABLE = YES;
				IPHONEOS_DEPLOYMENT_TARGET = 15.0;
				MTL_ENABLE_DEBUG_INFO = NO;
				MTL_FAST_MATH = YES;
				SDKROOT = iphoneos;
				SWIFT_COMPILATION_MODE = wholemodule;
				SWIFT_OPTIMIZATION_LEVEL = "-O";
				VALIDATE_PRODUCT = YES;
			};
			name = Release;
		};
		DD489E7627805F930061C8EF /* Debug */ = {
			isa = XCBuildConfiguration;
			buildSettings = {
				ASSETCATALOG_COMPILER_APPICON_NAME = AppIcon;
				ASSETCATALOG_COMPILER_GLOBAL_ACCENT_COLOR_NAME = AccentColor;
				CODE_SIGN_STYLE = Automatic;
				CURRENT_PROJECT_VERSION = 1;
				DEVELOPMENT_ASSET_PATHS = "\"CoreDataProject/Preview Content\"";
				DEVELOPMENT_TEAM = CWAQCQ6V22;
				ENABLE_PREVIEWS = YES;
				GENERATE_INFOPLIST_FILE = YES;
				INFOPLIST_KEY_UIApplicationSceneManifest_Generation = YES;
				INFOPLIST_KEY_UIApplicationSupportsIndirectInputEvents = YES;
				INFOPLIST_KEY_UILaunchScreen_Generation = YES;
				INFOPLIST_KEY_UISupportedInterfaceOrientations_iPad = "UIInterfaceOrientationPortrait UIInterfaceOrientationPortraitUpsideDown UIInterfaceOrientationLandscapeLeft UIInterfaceOrientationLandscapeRight";
				INFOPLIST_KEY_UISupportedInterfaceOrientations_iPhone = "UIInterfaceOrientationPortrait UIInterfaceOrientationLandscapeLeft UIInterfaceOrientationLandscapeRight";
				LD_RUNPATH_SEARCH_PATHS = (
					"$(inherited)",
					"@executable_path/Frameworks",
				);
				MARKETING_VERSION = 1.0;
				PRODUCT_BUNDLE_IDENTIFIER = com.answami.CoreDataProject;
				PRODUCT_NAME = "$(TARGET_NAME)";
				SWIFT_EMIT_LOC_STRINGS = YES;
				SWIFT_VERSION = 5.0;
				TARGETED_DEVICE_FAMILY = "1,2";
			};
			name = Debug;
		};
		DD489E7727805F930061C8EF /* Release */ = {
			isa = XCBuildConfiguration;
			buildSettings = {
				ASSETCATALOG_COMPILER_APPICON_NAME = AppIcon;
				ASSETCATALOG_COMPILER_GLOBAL_ACCENT_COLOR_NAME = AccentColor;
				CODE_SIGN_STYLE = Automatic;
				CURRENT_PROJECT_VERSION = 1;
				DEVELOPMENT_ASSET_PATHS = "\"CoreDataProject/Preview Content\"";
				DEVELOPMENT_TEAM = CWAQCQ6V22;
				ENABLE_PREVIEWS = YES;
				GENERATE_INFOPLIST_FILE = YES;
				INFOPLIST_KEY_UIApplicationSceneManifest_Generation = YES;
				INFOPLIST_KEY_UIApplicationSupportsIndirectInputEvents = YES;
				INFOPLIST_KEY_UILaunchScreen_Generation = YES;
				INFOPLIST_KEY_UISupportedInterfaceOrientations_iPad = "UIInterfaceOrientationPortrait UIInterfaceOrientationPortraitUpsideDown UIInterfaceOrientationLandscapeLeft UIInterfaceOrientationLandscapeRight";
				INFOPLIST_KEY_UISupportedInterfaceOrientations_iPhone = "UIInterfaceOrientationPortrait UIInterfaceOrientationLandscapeLeft UIInterfaceOrientationLandscapeRight";
				LD_RUNPATH_SEARCH_PATHS = (
					"$(inherited)",
					"@executable_path/Frameworks",
				);
				MARKETING_VERSION = 1.0;
				PRODUCT_BUNDLE_IDENTIFIER = com.answami.CoreDataProject;
				PRODUCT_NAME = "$(TARGET_NAME)";
				SWIFT_EMIT_LOC_STRINGS = YES;
				SWIFT_VERSION = 5.0;
				TARGETED_DEVICE_FAMILY = "1,2";
			};
			name = Release;
		};
/* End XCBuildConfiguration section */

/* Begin XCConfigurationList section */
		DD489E6227805F900061C8EF /* Build configuration list for PBXProject "CoreDataProject" */ = {
			isa = XCConfigurationList;
			buildConfigurations = (
				DD489E7327805F930061C8EF /* Debug */,
				DD489E7427805F930061C8EF /* Release */,
			);
			defaultConfigurationIsVisible = 0;
			defaultConfigurationName = Release;
		};
		DD489E7527805F930061C8EF /* Build configuration list for PBXNativeTarget "CoreDataProject" */ = {
			isa = XCConfigurationList;
			buildConfigurations = (
				DD489E7627805F930061C8EF /* Debug */,
				DD489E7727805F930061C8EF /* Release */,
			);
			defaultConfigurationIsVisible = 0;
			defaultConfigurationName = Release;
		};
/* End XCConfigurationList section */

/* Begin XCVersionGroup section */
		DD9A4B552781D7440021B931 /* DataModel.xcdatamodeld */ = {
			isa = XCVersionGroup;
			children = (
				DD9A4B562781D7440021B931 /* DataModel.xcdatamodel */,
			);
			currentVersion = DD9A4B562781D7440021B931 /* DataModel.xcdatamodel */;
			path = DataModel.xcdatamodeld;
			sourceTree = "<group>";
			versionGroupType = wrapper.xcdatamodel;
		};
/* End XCVersionGroup section */
	};
	rootObject = DD489E5F27805F900061C8EF /* Project object */;
}
